
Microsoft Visual Studio Solution File, Format Version 12.00
# Visual Studio 15
VisualStudioVersion = 15.0.28307.1169
MinimumVisualStudioVersion = 10.0.40219.1
Project("{FAE04EC0-301F-11D3-BF4B-00C04F79EFBC}") = "Code48Software", "Code48Software\Code48Software.csproj", "{B5729CBF-9A8D-4200-A950-FB74F4A4D0CF}"
EndProject
Global
	GlobalSection(SolutionConfigurationPlatforms) = preSolution
		Debug|Any CPU = Debug|Any CPU
		Release|Any CPU = Release|Any CPU
	EndGlobalSection
	GlobalSection(ProjectConfigurationPlatforms) = postSolution
		{B5729CBF-9A8D-4200-A950-FB74F4A4D0CF}.Debug|Any CPU.ActiveCfg = Debug|Any CPU
		{B5729CBF-9A8D-4200-A950-FB74F4A4D0CF}.Debug|Any CPU.Build.0 = Debug|Any CPU
		{B5729CBF-9A8D-4200-A950-FB74F4A4D0CF}.Release|Any CPU.ActiveCfg = Release|Any CPU
		{B5729CBF-9A8D-4200-A950-FB74F4A4D0CF}.Release|Any CPU.Build.0 = Release|Any CPU
	EndGlobalSection
	GlobalSection(SolutionProperties) = preSolution
		HideSolutionNode = FALSE
	EndGlobalSection
	GlobalSection(ExtensibilityGlobals) = postSolution
		SolutionGuid = {40708D94-97DE-41AB-9984-3C1E3D74D176}
	EndGlobalSection
EndGlobal
